PODS:
  - AFNetworking (3.1.0):
    - AFNetworking/NSURLSession (= 3.1.0)
    - AFNetworking/Reachability (= 3.1.0)
    - AFNetworking/Security (= 3.1.0)
    - AFNetworking/Serialization (= 3.1.0)
    - AFNetworking/UIKit (= 3.1.0)
  - AFNetworking/NSURLSession (3.1.0):
    - AFNetworking/Reachability
    - AFNetworking/Security
    - AFNetworking/Serialization
  - AFNetworking/Reachability (3.1.0)
  - AFNetworking/Security (3.1.0)
  - AFNetworking/Serialization (3.1.0)
  - AFNetworking/UIKit (3.1.0):
    - AFNetworking/NSURLSession
  - LFLiveKit (2.6)
  - MJExtension (3.0.13)
  - SDWebImage (3.8.2):
    - SDWebImage/Core (= 3.8.2)
  - SDWebImage/Core (3.8.2)
  - SnapKit (3.1.2)
  - YYKit (1.0.9):
    - YYKit/no-arc (= 1.0.9)
  - YYKit/no-arc (1.0.9)

DEPENDENCIES:
  - AFNetworking (~> 3.0)
  - LFLiveKit (~> 2.5)
  - MJExtension (~> 3.0.13)
  - SDWebImage (~> 3.8)
  - SnapKit (~> 3.1.2)
  - YYKit (~> 1.0.9)

SPEC CHECKSUMS:
  AFNetworking: 5e0e199f73d8626b11e79750991f5d173d1f8b67
  LFLiveKit: 2219563721f8aa0f188effc3395a06e2d53b23f2
  MJExtension: 5932755f451458eefa24239358817f8d291240c7
  SDWebImage: 098e97e6176540799c27e804c96653ee0833d13c
  SnapKit: 12b24f569cb7c143acc9c22b9d91b23e7b1c84a2
  YYKit: 7cda43304a8dc3696c449041e2cb3107b4e236e7

PODFILE CHECKSUM: bd986f8833321e37171950da3e050a1693f32a52

COCOAPODS: 1.1.0.beta.1
